
Microsoft Visual Studio Solution File, Format Version 12.00
# Visual Studio Version 16
VisualStudioVersion = 16.0.28803.202
MinimumVisualStudioVersion = 10.0.40219.1
Project("{FAE04EC0-301F-11D3-BF4B-00C04F79EFBC}") = "MVC-Basic", "MVC-Basic\MVC-Basic.csproj", "{546BAD90-AA3D-4ADF-AF35-6B161963F4BE}"
EndProject
Global
	GlobalSection(SolutionConfigurationPlatforms) = preSolution
		Debug|Any CPU = Debug|Any CPU
		Release|Any CPU = Release|Any CPU
	EndGlobalSection
	GlobalSection(ProjectConfigurationPlatforms) = postSolution
		{546BAD90-AA3D-4ADF-AF35-6B161963F4BE}.Debug|Any CPU.ActiveCfg = Debug|Any CPU
		{546BAD90-AA3D-4ADF-AF35-6B161963F4BE}.Debug|Any CPU.Build.0 = Debug|Any CPU
		{546BAD90-AA3D-4ADF-AF35-6B161963F4BE}.Release|Any CPU.ActiveCfg = Release|Any CPU
		{546BAD90-AA3D-4ADF-AF35-6B161963F4BE}.Release|Any CPU.Build.0 = Release|Any CPU
	EndGlobalSection
	GlobalSection(SolutionProperties) = preSolution
		HideSolutionNode = FALSE
	EndGlobalSection
	GlobalSection(ExtensibilityGlobals) = postSolution
		SolutionGuid = {5436E0AC-7857-4A9E-A5DC-6615C4CA8AA9}
	EndGlobalSection
EndGlobal
