
Microsoft Visual Studio Solution File, Format Version 12.00
# Visual Studio Version 16
VisualStudioVersion = 16.0.28803.202
MinimumVisualStudioVersion = 10.0.40219.1
Project("{FAE04EC0-301F-11D3-BF4B-00C04F79EFBC}") = "SpecialTemplateSample", "SpecialTemplateSample\SpecialTemplateSample.csproj", "{C530848A-B5C1-47BB-A7C0-ED99B602623F}"
EndProject
Global
	GlobalSection(SolutionConfigurationPlatforms) = preSolution
		Debug|Any CPU = Debug|Any CPU
		Release|Any CPU = Release|Any CPU
	EndGlobalSection
	GlobalSection(ProjectConfigurationPlatforms) = postSolution
		{C530848A-B5C1-47BB-A7C0-ED99B602623F}.Debug|Any CPU.ActiveCfg = Debug|Any CPU
		{C530848A-B5C1-47BB-A7C0-ED99B602623F}.Debug|Any CPU.Build.0 = Debug|Any CPU
		{C530848A-B5C1-47BB-A7C0-ED99B602623F}.Release|Any CPU.ActiveCfg = Release|Any CPU
		{C530848A-B5C1-47BB-A7C0-ED99B602623F}.Release|Any CPU.Build.0 = Release|Any CPU
	EndGlobalSection
	GlobalSection(SolutionProperties) = preSolution
		HideSolutionNode = FALSE
	EndGlobalSection
	GlobalSection(ExtensibilityGlobals) = postSolution
		SolutionGuid = {28861586-AFB6-4AE3-AD20-2A3890B07A7E}
	EndGlobalSection
EndGlobal
